
Microsoft Visual Studio Solution File, Format Version 12.00
# Visual Studio Version 16
VisualStudioVersion = 16.0.808.1
MinimumVisualStudioVersion = 10.0.40219.1
Project("{FAE04EC0-301F-11D3-BF4B-00C04F79EFBC}") = "Catalog.api", "Catalog.api\Catalog.api.csproj", "{A7990B75-D12B-4C8E-AFDC-F0ECE03ED517}"
EndProject
Global
	GlobalSection(SolutionConfigurationPlatforms) = preSolution
		Debug|Any CPU = Debug|Any CPU
		Release|Any CPU = Release|Any CPU
	EndGlobalSection
	GlobalSection(ProjectConfigurationPlatforms) = postSolution
		{A7990B75-D12B-4C8E-AFDC-F0ECE03ED517}.Debug|Any CPU.ActiveCfg = Debug|Any CPU
		{A7990B75-D12B-4C8E-AFDC-F0ECE03ED517}.Debug|Any CPU.Build.0 = Debug|Any CPU
		{A7990B75-D12B-4C8E-AFDC-F0ECE03ED517}.Release|Any CPU.ActiveCfg = Release|Any CPU
		{A7990B75-D12B-4C8E-AFDC-F0ECE03ED517}.Release|Any CPU.Build.0 = Release|Any CPU
	EndGlobalSection
	GlobalSection(SolutionProperties) = preSolution
		HideSolutionNode = FALSE
	EndGlobalSection
	GlobalSection(ExtensibilityGlobals) = postSolution
		SolutionGuid = {C73D5C8C-1334-4ECA-AA6F-3D77A3AD1E33}
	EndGlobalSection
EndGlobal
